
Microsoft Visual Studio Solution File, Format Version 12.00
# Visual Studio Version 17
VisualStudioVersion = 17.2.32630.192
MinimumVisualStudioVersion = 10.0.40219.1
Project("{FAE04EC0-301F-11D3-BF4B-00C04F79EFBC}") = "ٍٍَSQL Real Time On Console", "ConsoleApp10\ٍٍَSQL Real Time On Console.csproj", "{57E00130-8FEE-46A9-860F-6DACFE6026EA}"
EndProject
Global
	GlobalSection(SolutionConfigurationPlatforms) = preSolution
		Debug|Any CPU = Debug|Any CPU
		Release|Any CPU = Release|Any CPU
	EndGlobalSection
	GlobalSection(ProjectConfigurationPlatforms) = postSolution
		{57E00130-8FEE-46A9-860F-6DACFE6026EA}.Debug|Any CPU.ActiveCfg = Debug|Any CPU
		{57E00130-8FEE-46A9-860F-6DACFE6026EA}.Debug|Any CPU.Build.0 = Debug|Any CPU
		{57E00130-8FEE-46A9-860F-6DACFE6026EA}.Release|Any CPU.ActiveCfg = Release|Any CPU
		{57E00130-8FEE-46A9-860F-6DACFE6026EA}.Release|Any CPU.Build.0 = Release|Any CPU
	EndGlobalSection
	GlobalSection(SolutionProperties) = preSolution
		HideSolutionNode = FALSE
	EndGlobalSection
	GlobalSection(ExtensibilityGlobals) = postSolution
		SolutionGuid = {26EF195C-EC66-4F2F-A04E-5639ECF33F0A}
	EndGlobalSection
EndGlobal
